
Microsoft Visual Studio Solution File, Format Version 12.00
# Visual Studio Version 17
VisualStudioVersion = 17.4.33213.308
MinimumVisualStudioVersion = 10.0.40219.1
Project("{FAE04EC0-301F-11D3-BF4B-00C04F79EFBC}") = "FixedWidthParser", "FixedWidthParser.csproj", "{6347BD77-5EB7-49C9-8B7F-D93E513B329B}"
EndProject
Global
	GlobalSection(SolutionConfigurationPlatforms) = preSolution
		Debug|Any CPU = Debug|Any CPU
		Release|Any CPU = Release|Any CPU
	EndGlobalSection
	GlobalSection(ProjectConfigurationPlatforms) = postSolution
		{6347BD77-5EB7-49C9-8B7F-D93E513B329B}.Debug|Any CPU.ActiveCfg = Debug|Any CPU
		{6347BD77-5EB7-49C9-8B7F-D93E513B329B}.Debug|Any CPU.Build.0 = Debug|Any CPU
		{6347BD77-5EB7-49C9-8B7F-D93E513B329B}.Release|Any CPU.ActiveCfg = Release|Any CPU
		{6347BD77-5EB7-49C9-8B7F-D93E513B329B}.Release|Any CPU.Build.0 = Release|Any CPU
	EndGlobalSection
	GlobalSection(SolutionProperties) = preSolution
		HideSolutionNode = FALSE
	EndGlobalSection
	GlobalSection(ExtensibilityGlobals) = postSolution
		SolutionGuid = {AEC6883E-1E21-4B15-97C8-3D9873FB8558}
	EndGlobalSection
EndGlobal
